
Microsoft Visual Studio Solution File, Format Version 12.00
# Visual Studio 14
VisualStudioVersion = 14.0.25420.1
MinimumVisualStudioVersion = 10.0.40219.1
Project("{FAE04EC0-301F-11D3-BF4B-00C04F79EFBC}") = "Svenkle.NuGetServer.Service", "src\Svenkle.NuGetServer.Service\Svenkle.NuGetServer.Service.csproj", "{849C4739-2DC5-4112-97B0-23907F39A44E}"
	ProjectSection(ProjectDependencies) = postProject
		{4DBC0822-4CF2-41E3-A3E1-D87C64856985} = {4DBC0822-4CF2-41E3-A3E1-D87C64856985}
	EndProjectSection
EndProject
Project("{FAE04EC0-301F-11D3-BF4B-00C04F79EFBC}") = "Svenkle.NuGetServer.Website", "src\Svenkle.NuGetServer.Website\Svenkle.NuGetServer.Website.csproj", "{4DBC0822-4CF2-41E3-A3E1-D87C64856985}"
EndProject
Project("{2150E333-8FDC-42A3-9474-1A3956D46DE8}") = "Solution Items", "Solution Items", "{50F4F821-6975-48B8-99D1-28536BE4047D}"
	ProjectSection(SolutionItems) = preProject
		build\Website.props = build\Website.props
	EndProjectSection
EndProject
Global
	GlobalSection(SolutionConfigurationPlatforms) = preSolution
		Debug|Any CPU = Debug|Any CPU
		Release|Any CPU = Release|Any CPU
	EndGlobalSection
	GlobalSection(ProjectConfigurationPlatforms) = postSolution
		{849C4739-2DC5-4112-97B0-23907F39A44E}.Debug|Any CPU.ActiveCfg = Debug|Any CPU
		{849C4739-2DC5-4112-97B0-23907F39A44E}.Debug|Any CPU.Build.0 = Debug|Any CPU
		{849C4739-2DC5-4112-97B0-23907F39A44E}.Release|Any CPU.ActiveCfg = Release|Any CPU
		{849C4739-2DC5-4112-97B0-23907F39A44E}.Release|Any CPU.Build.0 = Release|Any CPU
		{4DBC0822-4CF2-41E3-A3E1-D87C64856985}.Debug|Any CPU.ActiveCfg = Debug|Any CPU
		{4DBC0822-4CF2-41E3-A3E1-D87C64856985}.Debug|Any CPU.Build.0 = Debug|Any CPU
		{4DBC0822-4CF2-41E3-A3E1-D87C64856985}.Release|Any CPU.ActiveCfg = Release|Any CPU
		{4DBC0822-4CF2-41E3-A3E1-D87C64856985}.Release|Any CPU.Build.0 = Release|Any CPU
	EndGlobalSection
	GlobalSection(SolutionProperties) = preSolution
		HideSolutionNode = FALSE
	EndGlobalSection
EndGlobal
